Microsoft Visual Studio Solution File, Format Version 11.00
# Visual Studio 2008

Project("{0F141C12-CB3A-B688-43C3-4F20B32A4795}") = "卡牌", "Assembly-CSharp.csproj", "{7B22894A-13F5-1D67-5C6C-9BB3DEF74B23}"
EndProject
Global
	GlobalSection(SolutionConfigurationPlatforms) = preSolution
		Debug|Any CPU = Debug|Any CPU
		Release|Any CPU = Release|Any CPU
	EndGlobalSection
	GlobalSection(ProjectConfigurationPlatforms) = postSolution
		{7B22894A-13F5-1D67-5C6C-9BB3DEF74B23}.Debug|Any CPU.ActiveCfg = Debug|Any CPU
		{7B22894A-13F5-1D67-5C6C-9BB3DEF74B23}.Debug|Any CPU.Build.0 = Debug|Any CPU
		{7B22894A-13F5-1D67-5C6C-9BB3DEF74B23}.Release|Any CPU.ActiveCfg = Release|Any CPU
		{7B22894A-13F5-1D67-5C6C-9BB3DEF74B23}.Release|Any CPU.Build.0 = Release|Any CPU
	EndGlobalSection
	GlobalSection(SolutionProperties) = preSolution
		HideSolutionNode = FALSE
	EndGlobalSection
	GlobalSection(MonoDevelopProperties) = preSolution
		StartupItem = Assembly-CSharp.csproj
	EndGlobalSection
EndGlobal
